
Microsoft Visual Studio Solution File, Format Version 12.00
Project("{2150E333-8FDC-42A3-9474-1A3956D46DE8}") = "src", "src", "{3280D88C-B832-4E77-9C10-94E31ED6F3C8}"
EndProject
Project("{2150E333-8FDC-42A3-9474-1A3956D46DE8}") = "AdvertBoard", "AdvertBoard", "{C5E7EC46-4649-4DC0-9D7C-CE63370BB59A}"
EndProject
Project("{2150E333-8FDC-42A3-9474-1A3956D46DE8}") = "Application", "Application", "{750F1702-4CDD-4BFF-9F6C-F1FE6B240B2A}"
EndProject
Project("{2150E333-8FDC-42A3-9474-1A3956D46DE8}") = "Infrastructure", "Infrastructure", "{12E5346D-AE85-4A9B-B749-F2B2106B5378}"
EndProject
Project("{2150E333-8FDC-42A3-9474-1A3956D46DE8}") = "Contracts", "Contracts", "{AE159DCC-A315-407A-84FD-2931820ED658}"
EndProject
Project("{2150E333-8FDC-42A3-9474-1A3956D46DE8}") = "Domain", "Domain", "{E5CA68BB-E7F8-429E-8679-38112D5A5646}"
EndProject
Project("{2150E333-8FDC-42A3-9474-1A3956D46DE8}") = "Hosts", "Hosts", "{E383C580-A8C7-447A-ADD8-E4AEBAB17BF4}"
EndProject
Project("{FAE04EC0-301F-11D3-BF4B-00C04F79EFBC}") = "AdvertBoard.Application.AppServices", "src\AdvertBoard\Application\AdvertBoard.Application.AppServices\AdvertBoard.Application.AppServices.csproj", "{EF27C82F-2226-4C3F-90B2-EC28B08611C9}"
EndProject
Project("{FAE04EC0-301F-11D3-BF4B-00C04F79EFBC}") = "AdvertBoard.Hosts.Api", "src\AdvertBoard\Hosts\AdvertBoard.Hosts.Api\AdvertBoard.Hosts.Api.csproj", "{FA407519-4F77-41B1-AFA2-6B1AB0FC9A60}"
EndProject
Project("{FAE04EC0-301F-11D3-BF4B-00C04F79EFBC}") = "AdvertBoard.Infrastructure.ComponentRegistrar", "src\AdvertBoard\Infrastructure\AdvertBoard.Infrastructure.ComponentRegistrar\AdvertBoard.Infrastructure.ComponentRegistrar.csproj", "{A0B91A1C-D241-4F6E-9B73-C94993E52968}"
EndProject
Project("{FAE04EC0-301F-11D3-BF4B-00C04F79EFBC}") = "AdvertBoard.Contracts", "src\AdvertBoard\Contracts\AdvertBoard.Contracts\AdvertBoard.Contracts.csproj", "{44490257-73C6-42CD-8A79-4D24F0D1A940}"
EndProject
Project("{FAE04EC0-301F-11D3-BF4B-00C04F79EFBC}") = "AdvertBoard.Domain", "src\AdvertBoard\Domain\AdvertBoard.Domain\AdvertBoard.Domain.csproj", "{E7ABAF7A-43FB-4897-9510-049A753FA6B4}"
EndProject
Project("{FAE04EC0-301F-11D3-BF4B-00C04F79EFBC}") = "AdvertBoard.Infrastructure.DataAccess", "src\AdvertBoard\Infrastructure\AdvertBoard.Infrastructure.DataAccess\AdvertBoard.Infrastructure.DataAccess.csproj", "{B08D8FAC-0A0F-4F79-B8D5-BD58B8CB84BB}"
EndProject
Project("{FAE04EC0-301F-11D3-BF4B-00C04F79EFBC}") = "AdvertBoard.Infrastructure", "src\AdvertBoard\Infrastructure\AdvertBoard.Infrastructure\AdvertBoard.Infrastructure.csproj", "{8D58E3BF-68A2-4D38-B489-8D4E7627EFC0}"
EndProject
Global
	GlobalSection(SolutionConfigurationPlatforms) = preSolution
		Debug|Any CPU = Debug|Any CPU
		Release|Any CPU = Release|Any CPU
	EndGlobalSection
	GlobalSection(NestedProjects) = preSolution
		{C5E7EC46-4649-4DC0-9D7C-CE63370BB59A} = {3280D88C-B832-4E77-9C10-94E31ED6F3C8}
		{750F1702-4CDD-4BFF-9F6C-F1FE6B240B2A} = {C5E7EC46-4649-4DC0-9D7C-CE63370BB59A}
		{12E5346D-AE85-4A9B-B749-F2B2106B5378} = {C5E7EC46-4649-4DC0-9D7C-CE63370BB59A}
		{AE159DCC-A315-407A-84FD-2931820ED658} = {C5E7EC46-4649-4DC0-9D7C-CE63370BB59A}
		{E5CA68BB-E7F8-429E-8679-38112D5A5646} = {C5E7EC46-4649-4DC0-9D7C-CE63370BB59A}
		{E383C580-A8C7-447A-ADD8-E4AEBAB17BF4} = {C5E7EC46-4649-4DC0-9D7C-CE63370BB59A}
		{EF27C82F-2226-4C3F-90B2-EC28B08611C9} = {750F1702-4CDD-4BFF-9F6C-F1FE6B240B2A}
		{FA407519-4F77-41B1-AFA2-6B1AB0FC9A60} = {E383C580-A8C7-447A-ADD8-E4AEBAB17BF4}
		{A0B91A1C-D241-4F6E-9B73-C94993E52968} = {12E5346D-AE85-4A9B-B749-F2B2106B5378}
		{44490257-73C6-42CD-8A79-4D24F0D1A940} = {AE159DCC-A315-407A-84FD-2931820ED658}
		{E7ABAF7A-43FB-4897-9510-049A753FA6B4} = {E5CA68BB-E7F8-429E-8679-38112D5A5646}
		{B08D8FAC-0A0F-4F79-B8D5-BD58B8CB84BB} = {12E5346D-AE85-4A9B-B749-F2B2106B5378}
		{8D58E3BF-68A2-4D38-B489-8D4E7627EFC0} = {12E5346D-AE85-4A9B-B749-F2B2106B5378}
	EndGlobalSection
	GlobalSection(ProjectConfigurationPlatforms) = postSolution
		{EF27C82F-2226-4C3F-90B2-EC28B08611C9}.Debug|Any CPU.ActiveCfg = Debug|Any CPU
		{EF27C82F-2226-4C3F-90B2-EC28B08611C9}.Debug|Any CPU.Build.0 = Debug|Any CPU
		{EF27C82F-2226-4C3F-90B2-EC28B08611C9}.Release|Any CPU.ActiveCfg = Release|Any CPU
		{EF27C82F-2226-4C3F-90B2-EC28B08611C9}.Release|Any CPU.Build.0 = Release|Any CPU
		{FA407519-4F77-41B1-AFA2-6B1AB0FC9A60}.Debug|Any CPU.ActiveCfg = Debug|Any CPU
		{FA407519-4F77-41B1-AFA2-6B1AB0FC9A60}.Debug|Any CPU.Build.0 = Debug|Any CPU
		{FA407519-4F77-41B1-AFA2-6B1AB0FC9A60}.Release|Any CPU.ActiveCfg = Release|Any CPU
		{FA407519-4F77-41B1-AFA2-6B1AB0FC9A60}.Release|Any CPU.Build.0 = Release|Any CPU
		{A0B91A1C-D241-4F6E-9B73-C94993E52968}.Debug|Any CPU.ActiveCfg = Debug|Any CPU
		{A0B91A1C-D241-4F6E-9B73-C94993E52968}.Debug|Any CPU.Build.0 = Debug|Any CPU
		{A0B91A1C-D241-4F6E-9B73-C94993E52968}.Release|Any CPU.ActiveCfg = Release|Any CPU
		{A0B91A1C-D241-4F6E-9B73-C94993E52968}.Release|Any CPU.Build.0 = Release|Any CPU
		{44490257-73C6-42CD-8A79-4D24F0D1A940}.Debug|Any CPU.ActiveCfg = Debug|Any CPU
		{44490257-73C6-42CD-8A79-4D24F0D1A940}.Debug|Any CPU.Build.0 = Debug|Any CPU
		{44490257-73C6-42CD-8A79-4D24F0D1A940}.Release|Any CPU.ActiveCfg = Release|Any CPU
		{44490257-73C6-42CD-8A79-4D24F0D1A940}.Release|Any CPU.Build.0 = Release|Any CPU
		{E7ABAF7A-43FB-4897-9510-049A753FA6B4}.Debug|Any CPU.ActiveCfg = Debug|Any CPU
		{E7ABAF7A-43FB-4897-9510-049A753FA6B4}.Debug|Any CPU.Build.0 = Debug|Any CPU
		{E7ABAF7A-43FB-4897-9510-049A753FA6B4}.Release|Any CPU.ActiveCfg = Release|Any CPU
		{E7ABAF7A-43FB-4897-9510-049A753FA6B4}.Release|Any CPU.Build.0 = Release|Any CPU
		{B08D8FAC-0A0F-4F79-B8D5-BD58B8CB84BB}.Debug|Any CPU.ActiveCfg = Debug|Any CPU
		{B08D8FAC-0A0F-4F79-B8D5-BD58B8CB84BB}.Debug|Any CPU.Build.0 = Debug|Any CPU
		{B08D8FAC-0A0F-4F79-B8D5-BD58B8CB84BB}.Release|Any CPU.ActiveCfg = Release|Any CPU
		{B08D8FAC-0A0F-4F79-B8D5-BD58B8CB84BB}.Release|Any CPU.Build.0 = Release|Any CPU
		{8D58E3BF-68A2-4D38-B489-8D4E7627EFC0}.Debug|Any CPU.ActiveCfg = Debug|Any CPU
		{8D58E3BF-68A2-4D38-B489-8D4E7627EFC0}.Debug|Any CPU.Build.0 = Debug|Any CPU
		{8D58E3BF-68A2-4D38-B489-8D4E7627EFC0}.Release|Any CPU.ActiveCfg = Release|Any CPU
		{8D58E3BF-68A2-4D38-B489-8D4E7627EFC0}.Release|Any CPU.Build.0 = Release|Any CPU
	EndGlobalSection
EndGlobal
